
Microsoft Visual Studio Solution File, Format Version 12.00
# Visual Studio Version 17
VisualStudioVersion = 17.3.32901.215
MinimumVisualStudioVersion = 10.0.40219.1
Project("{FAE04EC0-301F-11D3-BF4B-00C04F79EFBC}") = "CoreStudentWebAPI", "CoreStudentWebAPI.csproj", "{4A8A1A89-690D-4E3B-A221-CD0C2FB02D4B}"
EndProject
Global
	GlobalSection(SolutionConfigurationPlatforms) = preSolution
		Debug|Any CPU = Debug|Any CPU
		Release|Any CPU = Release|Any CPU
	EndGlobalSection
	GlobalSection(ProjectConfigurationPlatforms) = postSolution
		{4A8A1A89-690D-4E3B-A221-CD0C2FB02D4B}.Debug|Any CPU.ActiveCfg = Debug|Any CPU
		{4A8A1A89-690D-4E3B-A221-CD0C2FB02D4B}.Debug|Any CPU.Build.0 = Debug|Any CPU
		{4A8A1A89-690D-4E3B-A221-CD0C2FB02D4B}.Release|Any CPU.ActiveCfg = Release|Any CPU
		{4A8A1A89-690D-4E3B-A221-CD0C2FB02D4B}.Release|Any CPU.Build.0 = Release|Any CPU
	EndGlobalSection
	GlobalSection(SolutionProperties) = preSolution
		HideSolutionNode = FALSE
	EndGlobalSection
	GlobalSection(ExtensibilityGlobals) = postSolution
		SolutionGuid = {5E643C02-DC60-46CC-91A6-C5CDD1DCE45F}
	EndGlobalSection
EndGlobal
